
Microsoft Visual Studio Solution File, Format Version 12.00
# Visual Studio Version 17
VisualStudioVersion = 17.8.34330.188
MinimumVisualStudioVersion = 10.0.40219.1
Project("{FAE04EC0-301F-11D3-BF4B-00C04F79EFBC}") = "KasperskiFilip_gr1", "KasperskiFilip_gr1.csproj", "{924B1FAB-83F3-418D-AD4C-B1D071A3BD7A}"
EndProject
Global
	GlobalSection(SolutionConfigurationPlatforms) = preSolution
		Debug|Any CPU = Debug|Any CPU
		Release|Any CPU = Release|Any CPU
	EndGlobalSection
	GlobalSection(ProjectConfigurationPlatforms) = postSolution
		{924B1FAB-83F3-418D-AD4C-B1D071A3BD7A}.Debug|Any CPU.ActiveCfg = Debug|Any CPU
		{924B1FAB-83F3-418D-AD4C-B1D071A3BD7A}.Debug|Any CPU.Build.0 = Debug|Any CPU
		{924B1FAB-83F3-418D-AD4C-B1D071A3BD7A}.Release|Any CPU.ActiveCfg = Release|Any CPU
		{924B1FAB-83F3-418D-AD4C-B1D071A3BD7A}.Release|Any CPU.Build.0 = Release|Any CPU
	EndGlobalSection
	GlobalSection(SolutionProperties) = preSolution
		HideSolutionNode = FALSE
	EndGlobalSection
	GlobalSection(ExtensibilityGlobals) = postSolution
		SolutionGuid = {29D967EF-ECD1-45DD-9CEE-617D0E166BFC}
	EndGlobalSection
EndGlobal
